
Microsoft Visual Studio Solution File, Format Version 12.00
# Visual Studio Express 14 for Windows Desktop
VisualStudioVersion = 14.0.23107.0
MinimumVisualStudioVersion = 10.0.40219.1
Project("{FAE04EC0-301F-11D3-BF4B-00C04F79EFBC}") = "FBLAProject", "FBLAProject\FBLAProject.csproj", "{3F054E27-9F7E-47DA-A868-FDCE0EDBD24D}"
EndProject
Project("{FAE04EC0-301F-11D3-BF4B-00C04F79EFBC}") = "CustomLabelButton", "..\..\..\..\SkyDrive\Documents\C#\MyCustomControls\CustomLabelButton\CustomLabelButton\CustomLabelButton.csproj", "{633E499F-7D1B-4FC4-9595-70D844BD1063}"
EndProject
Project("{FAE04EC0-301F-11D3-BF4B-00C04F79EFBC}") = "CustomTextbox", "..\..\..\..\SkyDrive\Documents\C#\MyCustomControls\CustomTextbox\CustomTextbox.csproj", "{85373EBF-65CA-4363-916C-16C10AFF2EF5}"
EndProject
Project("{F184B08F-C81C-45F6-A57F-5ABD9991F28F}") = "Surf", "..\..\..\..\SkyDrive\Documents\Surf\Surf\Surf.vbproj", "{90A61769-7415-4A0A-BEFC-7E7863F42826}"
EndProject
Global
	GlobalSection(SolutionConfigurationPlatforms) = preSolution
		Debug|Any CPU = Debug|Any CPU
		Debug|x86 = Debug|x86
		Release|Any CPU = Release|Any CPU
		Release|x86 = Release|x86
	EndGlobalSection
	GlobalSection(ProjectConfigurationPlatforms) = postSolution
		{3F054E27-9F7E-47DA-A868-FDCE0EDBD24D}.Debug|Any CPU.ActiveCfg = Debug|Any CPU
		{3F054E27-9F7E-47DA-A868-FDCE0EDBD24D}.Debug|Any CPU.Build.0 = Debug|Any CPU
		{3F054E27-9F7E-47DA-A868-FDCE0EDBD24D}.Debug|x86.ActiveCfg = Debug|x86
		{3F054E27-9F7E-47DA-A868-FDCE0EDBD24D}.Debug|x86.Build.0 = Debug|x86
		{3F054E27-9F7E-47DA-A868-FDCE0EDBD24D}.Release|Any CPU.ActiveCfg = Release|Any CPU
		{3F054E27-9F7E-47DA-A868-FDCE0EDBD24D}.Release|Any CPU.Build.0 = Release|Any CPU
		{3F054E27-9F7E-47DA-A868-FDCE0EDBD24D}.Release|x86.ActiveCfg = Release|x86
		{3F054E27-9F7E-47DA-A868-FDCE0EDBD24D}.Release|x86.Build.0 = Release|x86
		{633E499F-7D1B-4FC4-9595-70D844BD1063}.Debug|Any CPU.ActiveCfg = Debug|Any CPU
		{633E499F-7D1B-4FC4-9595-70D844BD1063}.Debug|Any CPU.Build.0 = Debug|Any CPU
		{633E499F-7D1B-4FC4-9595-70D844BD1063}.Debug|x86.ActiveCfg = Debug|Any CPU
		{633E499F-7D1B-4FC4-9595-70D844BD1063}.Debug|x86.Build.0 = Debug|Any CPU
		{633E499F-7D1B-4FC4-9595-70D844BD1063}.Release|Any CPU.ActiveCfg = Release|Any CPU
		{633E499F-7D1B-4FC4-9595-70D844BD1063}.Release|Any CPU.Build.0 = Release|Any CPU
		{633E499F-7D1B-4FC4-9595-70D844BD1063}.Release|x86.ActiveCfg = Release|Any CPU
		{633E499F-7D1B-4FC4-9595-70D844BD1063}.Release|x86.Build.0 = Release|Any CPU
		{85373EBF-65CA-4363-916C-16C10AFF2EF5}.Debug|Any CPU.ActiveCfg = Debug|Any CPU
		{85373EBF-65CA-4363-916C-16C10AFF2EF5}.Debug|Any CPU.Build.0 = Debug|Any CPU
		{85373EBF-65CA-4363-916C-16C10AFF2EF5}.Debug|x86.ActiveCfg = Debug|Any CPU
		{85373EBF-65CA-4363-916C-16C10AFF2EF5}.Debug|x86.Build.0 = Debug|Any CPU
		{85373EBF-65CA-4363-916C-16C10AFF2EF5}.Release|Any CPU.ActiveCfg = Release|Any CPU
		{85373EBF-65CA-4363-916C-16C10AFF2EF5}.Release|Any CPU.Build.0 = Release|Any CPU
		{85373EBF-65CA-4363-916C-16C10AFF2EF5}.Release|x86.ActiveCfg = Release|Any CPU
		{85373EBF-65CA-4363-916C-16C10AFF2EF5}.Release|x86.Build.0 = Release|Any CPU
		{90A61769-7415-4A0A-BEFC-7E7863F42826}.Debug|Any CPU.ActiveCfg = Debug|Any CPU
		{90A61769-7415-4A0A-BEFC-7E7863F42826}.Debug|Any CPU.Build.0 = Debug|Any CPU
		{90A61769-7415-4A0A-BEFC-7E7863F42826}.Debug|x86.ActiveCfg = Debug|x86
		{90A61769-7415-4A0A-BEFC-7E7863F42826}.Debug|x86.Build.0 = Debug|x86
		{90A61769-7415-4A0A-BEFC-7E7863F42826}.Release|Any CPU.ActiveCfg = Release|Any CPU
		{90A61769-7415-4A0A-BEFC-7E7863F42826}.Release|Any CPU.Build.0 = Release|Any CPU
		{90A61769-7415-4A0A-BEFC-7E7863F42826}.Release|x86.ActiveCfg = Release|x86
		{90A61769-7415-4A0A-BEFC-7E7863F42826}.Release|x86.Build.0 = Release|x86
	EndGlobalSection
	GlobalSection(SolutionProperties) = preSolution
		HideSolutionNode = FALSE
	EndGlobalSection
EndGlobal
